
Microsoft Visual Studio Solution File, Format Version 12.00
# Visual Studio Version 17
VisualStudioVersion = 17.3.32929.385
MinimumVisualStudioVersion = 10.0.40219.1
Project("{FAE04EC0-301F-11D3-BF4B-00C04F79EFBC}") = "CodeChallenge1-RevArray", "CodeChallenge1-RevArray\CodeChallenge1-RevArray.csproj", "{F959BED0-E246-4880-B237-34B6304DAE80}"
EndProject
Global
	GlobalSection(SolutionConfigurationPlatforms) = preSolution
		Debug|Any CPU = Debug|Any CPU
		Release|Any CPU = Release|Any CPU
	EndGlobalSection
	GlobalSection(ProjectConfigurationPlatforms) = postSolution
		{F959BED0-E246-4880-B237-34B6304DAE80}.Debug|Any CPU.ActiveCfg = Debug|Any CPU
		{F959BED0-E246-4880-B237-34B6304DAE80}.Debug|Any CPU.Build.0 = Debug|Any CPU
		{F959BED0-E246-4880-B237-34B6304DAE80}.Release|Any CPU.ActiveCfg = Release|Any CPU
		{F959BED0-E246-4880-B237-34B6304DAE80}.Release|Any CPU.Build.0 = Release|Any CPU
	EndGlobalSection
	GlobalSection(SolutionProperties) = preSolution
		HideSolutionNode = FALSE
	EndGlobalSection
	GlobalSection(ExtensibilityGlobals) = postSolution
		SolutionGuid = {C8503D8E-8C35-42B3-833C-22DF912D6079}
	EndGlobalSection
EndGlobal
